// !$*UTF8*$!
{
	archiveVersion = 1;
	classes = {
	};
	objectVersion = 50;
	objects = {

/* Begin PBXBuildFile section */
		893A9CE824B78679005A74DA /* AppDelegate.swift in Sources */ = {isa = PBXBuildFile; fileRef = 893A9CE724B78679005A74DA /* AppDelegate.swift */; };
		893A9CEA24B78679005A74DA /* SceneDelegate.swift in Sources */ = {isa = PBXBuildFile; fileRef = 893A9CE924B78679005A74DA /* SceneDelegate.swift */; };
		893A9CEC24B78679005A74DA /* ViewController.swift in Sources */ = {isa = PBXBuildFile; fileRef = 893A9CEB24B78679005A74DA /* ViewController.swift */; };
		893A9CEF24B78679005A74DA /* Main.storyboard in Resources */ = {isa = PBXBuildFile; fileRef = 893A9CED24B78679005A74DA /* Main.storyboard */; };
		893A9CF124B7867A005A74DA /* Assets.xcassets in Resources */ = {isa = PBXBuildFile; fileRef = 893A9CF024B7867A005A74DA /* Assets.xcassets */; };
		893A9CF424B7867A005A74DA /* LaunchScreen.storyboard in Resources */ = {isa = PBXBuildFile; fileRef = 893A9CF224B7867A005A74DA /* LaunchScreen.storyboard */; };
		893A9CFC24B78B3E005A74DA /* AddController.swift in Sources */ = {isa = PBXBuildFile; fileRef = 893A9CFB24B78B3E005A74DA /* AddController.swift */; };
/* End PBXBuildFile section */

/* Begin PBXFileReference section */
		893A9CE424B78679005A74DA /* MyTODO.app */ = {isa = PBXFileReference; explicitFileType = wrapper.application; includeInIndex = 0; path = MyTODO.app; sourceTree = BUILT_PRODUCTS_DIR; };
		893A9CE724B78679005A74DA /* AppDelegate.swift */ = {isa = PBXFileReference; lastKnownFileType = sourcecode.swift; path = AppDelegate.swift; sourceTree = "<group>"; };
		893A9CE924B78679005A74DA /* SceneDelegate.swift */ = {isa = PBXFileReference; lastKnownFileType = sourcecode.swift; path = SceneDelegate.swift; sourceTree = "<group>"; };
		893A9CEB24B78679005A74DA /* ViewController.swift */ = {isa = PBXFileReference; lastKnownFileType = sourcecode.swift; path = ViewController.swift; sourceTree = "<group>"; };
		893A9CEE24B78679005A74DA /* Base */ = {isa = PBXFileReference; lastKnownFileType = file.storyboard; name = Base; path = Base.lproj/Main.storyboard; sourceTree = "<group>"; };
		893A9CF024B7867A005A74DA /* Assets.xcassets */ = {isa = PBXFileReference; lastKnownFileType = folder.assetcatalog; path = Assets.xcassets; sourceTree = "<group>"; };
		893A9CF324B7867A005A74DA /* Base */ = {isa = PBXFileReference; lastKnownFileType = file.storyboard; name = Base; path = Base.lproj/LaunchScreen.storyboard; sourceTree = "<group>"; };
		893A9CF524B7867A005A74DA /* Info.plist */ = {isa = PBXFileReference; lastKnownFileType = text.plist.xml; path = Info.plist; sourceTree = "<group>"; };
		893A9CFB24B78B3E005A74DA /* AddController.swift */ = {isa = PBXFileReference; lastKnownFileType = sourcecode.swift; path = AddController.swift; sourceTree = "<group>"; };
/* End PBXFileReference section */

/* Begin PBXFrameworksBuildPhase section */
		893A9CE124B78679005A74DA /* Frameworks */ = {
			isa = PBXFrameworksBuildPhase;
			buildActionMask = 2147483647;
			files = (
			);
			runOnlyForDeploymentPostprocessing = 0;
		};
/* End PBXFrameworksBuildPhase section */

/* Begin PBXGroup section */
		893A9CDB24B78679005A74DA = {
			isa = PBXGroup;
			children = (
				893A9CE624B78679005A74DA /* MyTODO */,
				893A9CE524B78679005A74DA /* Products */,
			);
			sourceTree = "<group>";
		};
		893A9CE524B78679005A74DA /* Products */ = {
			isa = PBXGroup;
			children = (
				893A9CE424B78679005A74DA /* MyTODO.app */,
			);
			name = Products;
			sourceTree = "<group>";
		};
		893A9CE624B78679005A74DA /* MyTODO */ = {
			isa = PBXGroup;
			children = (
				893A9CE724B78679005A74DA /* AppDelegate.swift */,
				893A9CE924B78679005A74DA /* SceneDelegate.swift */,
				893A9CEB24B78679005A74DA /* ViewController.swift */,
				893A9CED24B78679005A74DA /* Main.storyboard */,
				893A9CFB24B78B3E005A74DA /* AddController.swift */,
				893A9CF024B7867A005A74DA /* Assets.xcassets */,
				893A9CF224B7867A005A74DA /* LaunchScreen.storyboard */,
				893A9CF524B7867A005A74DA /* Info.plist */,
			);
			path = MyTODO;
			sourceTree = "<group>";
		};
/* End PBXGroup section */

/* Begin PBXNativeTarget section */
		893A9CE324B78679005A74DA /* MyTODO */ = {
			isa = PBXNativeTarget;
			buildConfigurationList = 893A9CF824B7867A005A74DA /* Build configuration list for PBXNativeTarget "MyTODO" */;
			buildPhases = (
				893A9CE024B78679005A74DA /* Sources */,
				893A9CE124B78679005A74DA /* Frameworks */,
				893A9CE224B78679005A74DA /* Resources */,
			);
			buildRules = (
			);
			dependencies = (
			);
			name = MyTODO;
			productName = MyTODO;
			productReference = 893A9CE424B78679005A74DA /* MyTODO.app */;
			productType = "com.apple.product-type.application";
		};
/* End PBXNativeTarget section */

/* Begin PBXProject section */
		893A9CDC24B78679005A74DA /* Project object */ = {
			isa = PBXProject;
			attributes = {
				LastSwiftUpdateCheck = 1150;
				LastUpgradeCheck = 1240;
				TargetAttributes = {
					893A9CE324B78679005A74DA = {
						CreatedOnToolsVersion = 11.5;
					};
				};
			};
			buildConfigurationList = 893A9CDF24B78679005A74DA /* Build configuration list for PBXProject "MyTODO" */;
			compatibilityVersion = "Xcode 9.3";
			developmentRegion = en;
			hasScannedForEncodings = 0;
			knownRegions = (
				en,
				Base,
			);
			mainGroup = 893A9CDB24B78679005A74DA;
			productRefGroup = 893A9CE524B78679005A74DA /* Products */;
			projectDirPath = "";
			projectRoot = "";
			targets = (
				893A9CE324B78679005A74DA /* MyTODO */,
			);
		};
/* End PBXProject section */

/* Begin PBXResourcesBuildPhase section */
		893A9CE224B78679005A74DA /* Resources */ = {
			isa = PBXResourcesBuildPhase;
			buildActionMask = 2147483647;
			files = (
				893A9CF424B7867A005A74DA /* LaunchScreen.storyboard in Resources */,
				893A9CF124B7867A005A74DA /* Assets.xcassets in Resources */,
				893A9CEF24B78679005A74DA /* Main.storyboard in Resources */,
			);
			runOnlyForDeploymentPostprocessing = 0;
		};
/* End PBXResourcesBuildPhase section */

/* Begin PBXSourcesBuildPhase section */
		893A9CE024B78679005A74DA /* Sources */ = {
			isa = PBXSourcesBuildPhase;
			buildActionMask = 2147483647;
			files = (
				893A9CEC24B78679005A74DA /* ViewController.swift in Sources */,
				893A9CE824B78679005A74DA /* AppDelegate.swift in Sources */,
				893A9CEA24B78679005A74DA /* SceneDelegate.swift in Sources */,
				893A9CFC24B78B3E005A74DA /* AddController.swift in Sources */,
			);
			runOnlyForDeploymentPostprocessing = 0;
		};
/* End PBXSourcesBuildPhase section */

/* Begin PBXVariantGroup section */
		893A9CED24B78679005A74DA /* Main.storyboard */ = {
			isa = PBXVariantGroup;
			children = (
				893A9CEE24B78679005A74DA /* Base */,
			);
			name = Main.storyboard;
			sourceTree = "<group>";
		};
		893A9CF224B7867A005A74DA /* LaunchScreen.storyboard */ = {
			isa = PBXVariantGroup;
			children = (
				893A9CF324B7867A005A74DA /* Base */,
			);
			name = LaunchScreen.storyboard;
			sourceTree = "<group>";
		};
/* End PBXVariantGroup section */

/* Begin XCBuildConfiguration section */
		893A9CF624B7867A005A74DA /* Debug */ = {
			isa = XCBuildConfiguration;
			buildSettings = {
				ALWAYS_SEARCH_USER_PATHS = NO;
				CLANG_ANALYZER_NONNULL = YES;
				CLANG_ANALYZER_NUMBER_OBJECT_CONVERSION = YES_AGGRESSIVE;
				CLANG_CXX_LANGUAGE_STANDARD = "gnu++14";
				CLANG_CXX_LIBRARY = "libc++";
				CLANG_ENABLE_MODULES = YES;
				CLANG_ENABLE_OBJC_ARC = YES;
				CLANG_ENABLE_OBJC_WEAK = YES;
				CLANG_WARN_BLOCK_CAPTURE_AUTORELEASING = YES;
				CLANG_WARN_BOOL_CONVERSION = YES;
				CLANG_WARN_COMMA = YES;
				CLANG_WARN_CONSTANT_CONVERSION = YES;
				CLANG_WARN_DEPRECATED_OBJC_IMPLEMENTATIONS = YES;
				CLANG_WARN_DIRECT_OBJC_ISA_USAGE = YES_ERROR;
				CLANG_WARN_DOCUMENTATION_COMMENTS = YES;
				CLANG_WARN_EMPTY_BODY = YES;
				CLANG_WARN_ENUM_CONVERSION = YES;
				CLANG_WARN_INFINITE_RECURSION = YES;
				CLANG_WARN_INT_CONVERSION = YES;
				CLANG_WARN_NON_LITERAL_NULL_CONVERSION = YES;
				CLANG_WARN_OBJC_IMPLICIT_RETAIN_SELF = YES;
				CLANG_WARN_OBJC_LITERAL_CONVERSION = YES;
				CLANG_WARN_OBJC_ROOT_CLASS = YES_ERROR;
				CLANG_WARN_QUOTED_INCLUDE_IN_FRAMEWORK_HEADER = YES;
				CLANG_WARN_RANGE_LOOP_ANALYSIS = YES;
				CLANG_WARN_STRICT_PROTOTYPES = YES;
				CLANG_WARN_SUSPICIOUS_MOVE = YES;
				CLANG_WARN_UNGUARDED_AVAILABILITY = YES_AGGRESSIVE;
				CLANG_WARN_UNREACHABLE_CODE = YES;
				CLANG_WARN__DUPLICATE_METHOD_MATCH = YES;
				COPY_PHASE_STRIP = NO;
				DEBUG_INFORMATION_FORMAT = dwarf;
				ENABLE_STRICT_OBJC_MSGSEND = YES;
				ENABLE_TESTABILITY = YES;
				GCC_C_LANGUAGE_STANDARD = gnu11;
				GCC_DYNAMIC_NO_PIC = NO;
				GCC_NO_COMMON_BLOCKS = YES;
				GCC_OPTIMIZATION_LEVEL = 0;
				GCC_PREPROCESSOR_DEFINITIONS = (
					"DEBUG=1",
					"$(inherited)",
				);
				GCC_WARN_64_TO_32_BIT_CONVERSION = YES;
				GCC_WARN_ABOUT_RETURN_TYPE = YES_ERROR;
				GCC_WARN_UNDECLARED_SELECTOR = YES;
				GCC_WARN_UNINITIALIZED_AUTOS = YES_AGGRESSIVE;
				GCC_WARN_UNUSED_FUNCTION = YES;
				GCC_WARN_UNUSED_VARIABLE = YES;
				IPHONEOS_DEPLOYMENT_TARGET = 13.5;
				MTL_ENABLE_DEBUG_INFO = INCLUDE_SOURCE;
				MTL_FAST_MATH = YES;
				ONLY_ACTIVE_ARCH = YES;
				SDKROOT = iphoneos;
				SWIFT_ACTIVE_COMPILATION_CONDITIONS = DEBUG;
				SWIFT_OPTIMIZATION_LEVEL = "-Onone";
			};
			name = Debug;
		};
		893A9CF724B7867A005A74DA /* Release */ = {
			isa = XCBuildConfiguration;
			buildSettings = {
				ALWAYS_SEARCH_USER_PATHS = NO;
				CLANG_ANALYZER_NONNULL = YES;
				CLANG_ANALYZER_NUMBER_OBJECT_CONVERSION = YES_AGGRESSIVE;
				CLANG_CXX_LANGUAGE_STANDARD = "gnu++14";
				CLANG_CXX_LIBRARY = "libc++";
				CLANG_ENABLE_MODULES = YES;
				CLANG_ENABLE_OBJC_ARC = YES;
				CLANG_ENABLE_OBJC_WEAK = YES;
				CLANG_WARN_BLOCK_CAPTURE_AUTORELEASING = YES;
				CLANG_WARN_BOOL_CONVERSION = YES;
				CLANG_WARN_COMMA = YES;
				CLANG_WARN_CONSTANT_CONVERSION = YES;
				CLANG_WARN_DEPRECATED_OBJC_IMPLEMENTATIONS = YES;
				CLANG_WARN_DIRECT_OBJC_ISA_USAGE = YES_ERROR;
				CLANG_WARN_DOCUMENTATION_COMMENTS = YES;
				CLANG_WARN_EMPTY_BODY = YES;
				CLANG_WARN_ENUM_CONVERSION = YES;
				CLANG_WARN_INFINITE_RECURSION = YES;
				CLANG_WARN_INT_CONVERSION = YES;
				CLANG_WARN_NON_LITERAL_NULL_CONVERSION = YES;
				CLANG_WARN_OBJC_IMPLICIT_RETAIN_SELF = YES;
				CLANG_WARN_OBJC_LITERAL_CONVERSION = YES;
				CLANG_WARN_OBJC_ROOT_CLASS = YES_ERROR;
				CLANG_WARN_QUOTED_INCLUDE_IN_FRAMEWORK_HEADER = YES;
				CLANG_WARN_RANGE_LOOP_ANALYSIS = YES;
				CLANG_WARN_STRICT_PROTOTYPES = YES;
				CLANG_WARN_SUSPICIOUS_MOVE = YES;
				CLANG_WARN_UNGUARDED_AVAILABILITY = YES_AGGRESSIVE;
				CLANG_WARN_UNREACHABLE_CODE = YES;
				CLANG_WARN__DUPLICATE_METHOD_MATCH = YES;
				COPY_PHASE_STRIP = NO;
				DEBUG_INFORMATION_FORMAT = "dwarf-with-dsym";
				ENABLE_NS_ASSERTIONS = NO;
				ENABLE_STRICT_OBJC_MSGSEND = YES;
				GCC_C_LANGUAGE_STANDARD = gnu11;
				GCC_NO_COMMON_BLOCKS = YES;
				GCC_WARN_64_TO_32_BIT_CONVERSION = YES;
				GCC_WARN_ABOUT_RETURN_TYPE = YES_ERROR;
				GCC_WARN_UNDECLARED_SELECTOR = YES;
				GCC_WARN_UNINITIALIZED_AUTOS = YES_AGGRESSIVE;
				GCC_WARN_UNUSED_FUNCTION = YES;
				GCC_WARN_UNUSED_VARIABLE = YES;
				IPHONEOS_DEPLOYMENT_TARGET = 13.5;
				MTL_ENABLE_DEBUG_INFO = NO;
				MTL_FAST_MATH = YES;
				SDKROOT = iphoneos;
				SWIFT_COMPILATION_MODE = wholemodule;
				SWIFT_OPTIMIZATION_LEVEL = "-O";
				VALIDATE_PRODUCT = YES;
			};
			name = Release;
		};
		893A9CF924B7867A005A74DA /* Debug */ = {
			isa = XCBuildConfiguration;
			buildSettings = {
				ASSETCATALOG_COMPILER_APPICON_NAME = AppIcon;
				CODE_SIGN_STYLE = Automatic;
				DEVELOPMENT_TEAM = XPQNZF8K7Z;
				INFOPLIST_FILE = MyTODO/Info.plist;
				LD_RUNPATH_SEARCH_PATHS = (
					"$(inherited)",
					"@executable_path/Frameworks",
				);
				PRODUCT_BUNDLE_IDENTIFIER = Bdash.MyTODO;
				PRODUCT_NAME = "$(TARGET_NAME)";
				SWIFT_VERSION = 5.0;
				TARGETED_DEVICE_FAMILY = "1,2";
			};
			name = Debug;
		};
		893A9CFA24B7867A005A74DA /* Release */ = {
			isa = XCBuildConfiguration;
			buildSettings = {
				ASSETCATALOG_COMPILER_APPICON_NAME = AppIcon;
				CODE_SIGN_STYLE = Automatic;
				DEVELOPMENT_TEAM = XPQNZF8K7Z;
				INFOPLIST_FILE = MyTODO/Info.plist;
				LD_RUNPATH_SEARCH_PATHS = (
					"$(inherited)",
					"@executable_path/Frameworks",
				);
				PRODUCT_BUNDLE_IDENTIFIER = Bdash.MyTODO;
				PRODUCT_NAME = "$(TARGET_NAME)";
				SWIFT_VERSION = 5.0;
				TARGETED_DEVICE_FAMILY = "1,2";
			};
			name = Release;
		};
/* End XCBuildConfiguration section */

/* Begin XCConfigurationList section */
		893A9CDF24B78679005A74DA /* Build configuration list for PBXProject "MyTODO" */ = {
			isa = XCConfigurationList;
			buildConfigurations = (
				893A9CF624B7867A005A74DA /* Debug */,
				893A9CF724B7867A005A74DA /* Release */,
			);
			defaultConfigurationIsVisible = 0;
			defaultConfigurationName = Release;
		};
		893A9CF824B7867A005A74DA /* Build configuration list for PBXNativeTarget "MyTODO" */ = {
			isa = XCConfigurationList;
			buildConfigurations = (
				893A9CF924B7867A005A74DA /* Debug */,
				893A9CFA24B7867A005A74DA /* Release */,
			);
			defaultConfigurationIsVisible = 0;
			defaultConfigurationName = Release;
		};
/* End XCConfigurationList section */
	};
	rootObject = 893A9CDC24B78679005A74DA /* Project object */;
}
